
Microsoft Visual Studio Solution File, Format Version 12.00
# Visual Studio Version 16
VisualStudioVersion = 16.0.29806.167
MinimumVisualStudioVersion = 10.0.40219.1
Project("{8BC9CEB8-8B4A-11D0-8D11-00A0C91BC942}") = "LAB4-5", "LAB4-5\LAB4-5.vcxproj", "{8DC552F0-F491-45FC-AB09-4B040F750215}"
EndProject
Global
	GlobalSection(SolutionConfigurationPlatforms) = preSolution
		Debug|x64 = Debug|x64
		Debug|x86 = Debug|x86
		Release|x64 = Release|x64
		Release|x86 = Release|x86
	EndGlobalSection
	GlobalSection(ProjectConfigurationPlatforms) = postSolution
		{8DC552F0-F491-45FC-AB09-4B040F750215}.Debug|x64.ActiveCfg = Debug|x64
		{8DC552F0-F491-45FC-AB09-4B040F750215}.Debug|x64.Build.0 = Debug|x64
		{8DC552F0-F491-45FC-AB09-4B040F750215}.Debug|x86.ActiveCfg = Debug|Win32
		{8DC552F0-F491-45FC-AB09-4B040F750215}.Debug|x86.Build.0 = Debug|Win32
		{8DC552F0-F491-45FC-AB09-4B040F750215}.Release|x64.ActiveCfg = Release|x64
		{8DC552F0-F491-45FC-AB09-4B040F750215}.Release|x64.Build.0 = Release|x64
		{8DC552F0-F491-45FC-AB09-4B040F750215}.Release|x86.ActiveCfg = Release|Win32
		{8DC552F0-F491-45FC-AB09-4B040F750215}.Release|x86.Build.0 = Release|Win32
	EndGlobalSection
	GlobalSection(SolutionProperties) = preSolution
		HideSolutionNode = FALSE
	EndGlobalSection
	GlobalSection(ExtensibilityGlobals) = postSolution
		SolutionGuid = {31EB2B78-A87E-4CC6-8925-625B93D98DF2}
	EndGlobalSection
EndGlobal
